
Microsoft Visual Studio Solution File, Format Version 12.00
# Visual Studio Version 16
VisualStudioVersion = 16.0.31129.286
MinimumVisualStudioVersion = 10.0.40219.1
Project("{9A19103F-16F7-4668-BE54-9A1E7A4F7556}") = "LilyCmsApi", "LilyCmsApi\LilyCmsApi.csproj", "{5F821DE2-2134-46F0-BC45-0697DE1A543A}"
EndProject
Project("{9A19103F-16F7-4668-BE54-9A1E7A4F7556}") = "LilyCms.DataAccess", "LilyCms.DataAccess\LilyCms.DataAccess.csproj", "{81EE98F3-49B4-4DB1-AF39-E29F8A89C02F}"
EndProject
Project("{9A19103F-16F7-4668-BE54-9A1E7A4F7556}") = "LilyCms.DomainObjects", "LilyCms.DomainObjects\LilyCms.DomainObjects.csproj", "{C513B7A8-CFC9-4640-8369-3EC0CEC3D903}"
EndProject
Project("{FAE04EC0-301F-11D3-BF4B-00C04F79EFBC}") = "LilyCms.BLL", "LilyCms.BLL\LilyCms.BLL.csproj", "{107E2FC6-C4A3-48E6-BDBC-D7760E52B888}"
EndProject
Global
	GlobalSection(SolutionConfigurationPlatforms) = preSolution
		Debug|Any CPU = Debug|Any CPU
		Release|Any CPU = Release|Any CPU
	EndGlobalSection
	GlobalSection(ProjectConfigurationPlatforms) = postSolution
		{5F821DE2-2134-46F0-BC45-0697DE1A543A}.Debug|Any CPU.ActiveCfg = Debug|Any CPU
		{5F821DE2-2134-46F0-BC45-0697DE1A543A}.Debug|Any CPU.Build.0 = Debug|Any CPU
		{5F821DE2-2134-46F0-BC45-0697DE1A543A}.Release|Any CPU.ActiveCfg = Release|Any CPU
		{5F821DE2-2134-46F0-BC45-0697DE1A543A}.Release|Any CPU.Build.0 = Release|Any CPU
		{81EE98F3-49B4-4DB1-AF39-E29F8A89C02F}.Debug|Any CPU.ActiveCfg = Debug|Any CPU
		{81EE98F3-49B4-4DB1-AF39-E29F8A89C02F}.Debug|Any CPU.Build.0 = Debug|Any CPU
		{81EE98F3-49B4-4DB1-AF39-E29F8A89C02F}.Release|Any CPU.ActiveCfg = Release|Any CPU
		{81EE98F3-49B4-4DB1-AF39-E29F8A89C02F}.Release|Any CPU.Build.0 = Release|Any CPU
		{C513B7A8-CFC9-4640-8369-3EC0CEC3D903}.Debug|Any CPU.ActiveCfg = Debug|Any CPU
		{C513B7A8-CFC9-4640-8369-3EC0CEC3D903}.Debug|Any CPU.Build.0 = Debug|Any CPU
		{C513B7A8-CFC9-4640-8369-3EC0CEC3D903}.Release|Any CPU.ActiveCfg = Release|Any CPU
		{C513B7A8-CFC9-4640-8369-3EC0CEC3D903}.Release|Any CPU.Build.0 = Release|Any CPU
		{107E2FC6-C4A3-48E6-BDBC-D7760E52B888}.Debug|Any CPU.ActiveCfg = Debug|Any CPU
		{107E2FC6-C4A3-48E6-BDBC-D7760E52B888}.Debug|Any CPU.Build.0 = Debug|Any CPU
		{107E2FC6-C4A3-48E6-BDBC-D7760E52B888}.Release|Any CPU.ActiveCfg = Release|Any CPU
		{107E2FC6-C4A3-48E6-BDBC-D7760E52B888}.Release|Any CPU.Build.0 = Release|Any CPU
	EndGlobalSection
	GlobalSection(SolutionProperties) = preSolution
		HideSolutionNode = FALSE
	EndGlobalSection
	GlobalSection(ExtensibilityGlobals) = postSolution
		SolutionGuid = {D3EFF888-6838-47F7-9459-36A6916201AE}
	EndGlobalSection
EndGlobal
